
Microsoft Visual Studio Solution File, Format Version 12.00
# Visual Studio Version 16
VisualStudioVersion = 16.0.31624.102
MinimumVisualStudioVersion = 10.0.40219.1
Project("{9A19103F-16F7-4668-BE54-9A1E7A4F7556}") = "NewYearPresent", "NewYearPresent\NewYearPresent.csproj", "{EE5BA376-AF12-46C7-B815-644775317BF1}"
EndProject
Project("{FAE04EC0-301F-11D3-BF4B-00C04F79EFBC}") = "NewYearPresentTests", "NewYearPresentTests\NewYearPresentTests.csproj", "{1FE2468D-C968-4409-8570-3C871F5DAECF}"
EndProject
Global
	GlobalSection(SolutionConfigurationPlatforms) = preSolution
		Debug|Any CPU = Debug|Any CPU
		Release|Any CPU = Release|Any CPU
	EndGlobalSection
	GlobalSection(ProjectConfigurationPlatforms) = postSolution
		{EE5BA376-AF12-46C7-B815-644775317BF1}.Debug|Any CPU.ActiveCfg = Debug|Any CPU
		{EE5BA376-AF12-46C7-B815-644775317BF1}.Debug|Any CPU.Build.0 = Debug|Any CPU
		{EE5BA376-AF12-46C7-B815-644775317BF1}.Release|Any CPU.ActiveCfg = Release|Any CPU
		{EE5BA376-AF12-46C7-B815-644775317BF1}.Release|Any CPU.Build.0 = Release|Any CPU
		{1FE2468D-C968-4409-8570-3C871F5DAECF}.Debug|Any CPU.ActiveCfg = Debug|Any CPU
		{1FE2468D-C968-4409-8570-3C871F5DAECF}.Debug|Any CPU.Build.0 = Debug|Any CPU
		{1FE2468D-C968-4409-8570-3C871F5DAECF}.Release|Any CPU.ActiveCfg = Release|Any CPU
		{1FE2468D-C968-4409-8570-3C871F5DAECF}.Release|Any CPU.Build.0 = Release|Any CPU
	EndGlobalSection
	GlobalSection(SolutionProperties) = preSolution
		HideSolutionNode = FALSE
	EndGlobalSection
	GlobalSection(ExtensibilityGlobals) = postSolution
		SolutionGuid = {7806A828-E9CA-4A69-A8A6-B514129FA4FD}
	EndGlobalSection
EndGlobal
